
Microsoft Visual Studio Solution File, Format Version 12.00
# Visual Studio Version 16
VisualStudioVersion = 16.0.31729.503
MinimumVisualStudioVersion = 10.0.40219.1
Project("{9A19103F-16F7-4668-BE54-9A1E7A4F7556}") = "ADMSZ", "ADMSZ.csproj", "{AA2AA53C-4C18-4744-97FB-22580E010DB9}"
EndProject
Project("{FAE04EC0-301F-11D3-BF4B-00C04F79EFBC}") = "Cash", "..\..\..\Money\Cash.csproj", "{5B5AA0FF-4AEB-40E2-85AA-16F2B9FCAF5C}"
EndProject
Project("{9A19103F-16F7-4668-BE54-9A1E7A4F7556}") = "SpecFlowProject1", "..\SpecFlowProject1\SpecFlowProject1.csproj", "{DF999150-818F-45B1-9EC6-131CC071A36B}"
EndProject
Project("{FAE04EC0-301F-11D3-BF4B-00C04F79EFBC}") = "WPzad03122021", "..\WPzad03122021\WPzad03122021.csproj", "{51B86819-0C00-46CD-8423-97451456321A}"
EndProject
Global
	GlobalSection(SolutionConfigurationPlatforms) = preSolution
		Debug|Any CPU = Debug|Any CPU
		Release|Any CPU = Release|Any CPU
	EndGlobalSection
	GlobalSection(ProjectConfigurationPlatforms) = postSolution
		{AA2AA53C-4C18-4744-97FB-22580E010DB9}.Debug|Any CPU.ActiveCfg = Debug|Any CPU
		{AA2AA53C-4C18-4744-97FB-22580E010DB9}.Debug|Any CPU.Build.0 = Debug|Any CPU
		{AA2AA53C-4C18-4744-97FB-22580E010DB9}.Release|Any CPU.ActiveCfg = Release|Any CPU
		{AA2AA53C-4C18-4744-97FB-22580E010DB9}.Release|Any CPU.Build.0 = Release|Any CPU
		{5B5AA0FF-4AEB-40E2-85AA-16F2B9FCAF5C}.Debug|Any CPU.ActiveCfg = Debug|Any CPU
		{5B5AA0FF-4AEB-40E2-85AA-16F2B9FCAF5C}.Debug|Any CPU.Build.0 = Debug|Any CPU
		{5B5AA0FF-4AEB-40E2-85AA-16F2B9FCAF5C}.Release|Any CPU.ActiveCfg = Release|Any CPU
		{5B5AA0FF-4AEB-40E2-85AA-16F2B9FCAF5C}.Release|Any CPU.Build.0 = Release|Any CPU
		{DF999150-818F-45B1-9EC6-131CC071A36B}.Debug|Any CPU.ActiveCfg = Debug|Any CPU
		{DF999150-818F-45B1-9EC6-131CC071A36B}.Debug|Any CPU.Build.0 = Debug|Any CPU
		{DF999150-818F-45B1-9EC6-131CC071A36B}.Release|Any CPU.ActiveCfg = Release|Any CPU
		{DF999150-818F-45B1-9EC6-131CC071A36B}.Release|Any CPU.Build.0 = Release|Any CPU
		{51B86819-0C00-46CD-8423-97451456321A}.Debug|Any CPU.ActiveCfg = Debug|Any CPU
		{51B86819-0C00-46CD-8423-97451456321A}.Debug|Any CPU.Build.0 = Debug|Any CPU
		{51B86819-0C00-46CD-8423-97451456321A}.Release|Any CPU.ActiveCfg = Release|Any CPU
		{51B86819-0C00-46CD-8423-97451456321A}.Release|Any CPU.Build.0 = Release|Any CPU
	EndGlobalSection
	GlobalSection(SolutionProperties) = preSolution
		HideSolutionNode = FALSE
	EndGlobalSection
	GlobalSection(ExtensibilityGlobals) = postSolution
		SolutionGuid = {5F46C097-9267-4579-AA3A-2F273D23B5A5}
	EndGlobalSection
EndGlobal
