
Microsoft Visual Studio Solution File, Format Version 12.00
# Visual Studio Version 16
VisualStudioVersion = 16.0.31727.386
MinimumVisualStudioVersion = 10.0.40219.1
Project("{9A19103F-16F7-4668-BE54-9A1E7A4F7556}") = "tomasz.gawron", "tomasz.gawron.csproj", "{D4A6B4E3-EB02-4ACC-B837-5594419FEC7A}"
EndProject
Project("{FAE04EC0-301F-11D3-BF4B-00C04F79EFBC}") = "Cash", "..\..\Money\Cash.csproj", "{5B5AA0FF-4AEB-40E2-85AA-16F2B9FCAF5C}"
EndProject
Project("{FAE04EC0-301F-11D3-BF4B-00C04F79EFBC}") = "SpecFlowProject1", "..\SpecFlowProject1\SpecFlowProject1.csproj", "{AC2F92E1-54EE-455C-9F5A-A231720CE1E2}"
EndProject
Global
	GlobalSection(SolutionConfigurationPlatforms) = preSolution
		Debug|Any CPU = Debug|Any CPU
		Release|Any CPU = Release|Any CPU
	EndGlobalSection
	GlobalSection(ProjectConfigurationPlatforms) = postSolution
		{D4A6B4E3-EB02-4ACC-B837-5594419FEC7A}.Debug|Any CPU.ActiveCfg = Debug|Any CPU
		{D4A6B4E3-EB02-4ACC-B837-5594419FEC7A}.Debug|Any CPU.Build.0 = Debug|Any CPU
		{D4A6B4E3-EB02-4ACC-B837-5594419FEC7A}.Release|Any CPU.ActiveCfg = Release|Any CPU
		{D4A6B4E3-EB02-4ACC-B837-5594419FEC7A}.Release|Any CPU.Build.0 = Release|Any CPU
		{5B5AA0FF-4AEB-40E2-85AA-16F2B9FCAF5C}.Debug|Any CPU.ActiveCfg = Debug|Any CPU
		{5B5AA0FF-4AEB-40E2-85AA-16F2B9FCAF5C}.Debug|Any CPU.Build.0 = Debug|Any CPU
		{5B5AA0FF-4AEB-40E2-85AA-16F2B9FCAF5C}.Release|Any CPU.ActiveCfg = Release|Any CPU
		{5B5AA0FF-4AEB-40E2-85AA-16F2B9FCAF5C}.Release|Any CPU.Build.0 = Release|Any CPU
		{AC2F92E1-54EE-455C-9F5A-A231720CE1E2}.Debug|Any CPU.ActiveCfg = Debug|Any CPU
		{AC2F92E1-54EE-455C-9F5A-A231720CE1E2}.Debug|Any CPU.Build.0 = Debug|Any CPU
		{AC2F92E1-54EE-455C-9F5A-A231720CE1E2}.Release|Any CPU.ActiveCfg = Release|Any CPU
		{AC2F92E1-54EE-455C-9F5A-A231720CE1E2}.Release|Any CPU.Build.0 = Release|Any CPU
	EndGlobalSection
	GlobalSection(SolutionProperties) = preSolution
		HideSolutionNode = FALSE
	EndGlobalSection
	GlobalSection(ExtensibilityGlobals) = postSolution
		SolutionGuid = {51A401F8-15E8-48FA-955C-17C3B58ADB14}
	EndGlobalSection
EndGlobal
