
Microsoft Visual Studio Solution File, Format Version 12.00
# Visual Studio Version 16
VisualStudioVersion = 16.0.31729.503
MinimumVisualStudioVersion = 10.0.40219.1
Project("{9A19103F-16F7-4668-BE54-9A1E7A4F7556}") = "TestProject1", "TestProject1\TestProject1.csproj", "{260178A7-6ABC-435B-821F-13A19627A953}"
EndProject
Project("{FAE04EC0-301F-11D3-BF4B-00C04F79EFBC}") = "Cash", "..\..\Money\Cash.csproj", "{5B5AA0FF-4AEB-40E2-85AA-16F2B9FCAF5C}"
EndProject
Project("{FAE04EC0-301F-11D3-BF4B-00C04F79EFBC}") = "SpecFlowProject1", "SpecFlowProject1\SpecFlowProject1.csproj", "{FBF690D5-4D07-4006-BDA3-EA522FE23690}"
EndProject
Global
	GlobalSection(SolutionConfigurationPlatforms) = preSolution
		Debug|Any CPU = Debug|Any CPU
		Release|Any CPU = Release|Any CPU
	EndGlobalSection
	GlobalSection(ProjectConfigurationPlatforms) = postSolution
		{260178A7-6ABC-435B-821F-13A19627A953}.Debug|Any CPU.ActiveCfg = Debug|Any CPU
		{260178A7-6ABC-435B-821F-13A19627A953}.Debug|Any CPU.Build.0 = Debug|Any CPU
		{260178A7-6ABC-435B-821F-13A19627A953}.Release|Any CPU.ActiveCfg = Release|Any CPU
		{260178A7-6ABC-435B-821F-13A19627A953}.Release|Any CPU.Build.0 = Release|Any CPU
		{5B5AA0FF-4AEB-40E2-85AA-16F2B9FCAF5C}.Debug|Any CPU.ActiveCfg = Debug|Any CPU
		{5B5AA0FF-4AEB-40E2-85AA-16F2B9FCAF5C}.Debug|Any CPU.Build.0 = Debug|Any CPU
		{5B5AA0FF-4AEB-40E2-85AA-16F2B9FCAF5C}.Release|Any CPU.ActiveCfg = Release|Any CPU
		{5B5AA0FF-4AEB-40E2-85AA-16F2B9FCAF5C}.Release|Any CPU.Build.0 = Release|Any CPU
		{FBF690D5-4D07-4006-BDA3-EA522FE23690}.Debug|Any CPU.ActiveCfg = Debug|Any CPU
		{FBF690D5-4D07-4006-BDA3-EA522FE23690}.Debug|Any CPU.Build.0 = Debug|Any CPU
		{FBF690D5-4D07-4006-BDA3-EA522FE23690}.Release|Any CPU.ActiveCfg = Release|Any CPU
		{FBF690D5-4D07-4006-BDA3-EA522FE23690}.Release|Any CPU.Build.0 = Release|Any CPU
	EndGlobalSection
	GlobalSection(SolutionProperties) = preSolution
		HideSolutionNode = FALSE
	EndGlobalSection
	GlobalSection(ExtensibilityGlobals) = postSolution
		SolutionGuid = {D88818D8-B95F-48D1-ABE8-8F82E5A83A72}
	EndGlobalSection
EndGlobal
